
Microsoft Visual Studio Solution File, Format Version 12.00
# Visual Studio Version 17
VisualStudioVersion = 17.5.002.0
MinimumVisualStudioVersion = 10.0.40219.1
Project("{9A19103F-16F7-4668-BE54-9A1E7A4F7556}") = "Calculadora", "Calculadora.csproj", "{F8B6013D-75F5-44E6-9765-E1522A5C6BD7}"
EndProject
Global
	GlobalSection(SolutionConfigurationPlatforms) = preSolution
		Debug|Any CPU = Debug|Any CPU
		Release|Any CPU = Release|Any CPU
	EndGlobalSection
	GlobalSection(ProjectConfigurationPlatforms) = postSolution
		{F8B6013D-75F5-44E6-9765-E1522A5C6BD7}.Debug|Any CPU.ActiveCfg = Debug|Any CPU
		{F8B6013D-75F5-44E6-9765-E1522A5C6BD7}.Debug|Any CPU.Build.0 = Debug|Any CPU
		{F8B6013D-75F5-44E6-9765-E1522A5C6BD7}.Release|Any CPU.ActiveCfg = Release|Any CPU
		{F8B6013D-75F5-44E6-9765-E1522A5C6BD7}.Release|Any CPU.Build.0 = Release|Any CPU
	EndGlobalSection
	GlobalSection(SolutionProperties) = preSolution
		HideSolutionNode = FALSE
	EndGlobalSection
	GlobalSection(ExtensibilityGlobals) = postSolution
		SolutionGuid = {EFFAE495-9A71-4D08-9A44-6CC5D80BB531}
	EndGlobalSection
EndGlobal
